
Microsoft Visual Studio Solution File, Format Version 12.00
# Visual Studio Version 16
VisualStudioVersion = 16.0.31624.102
MinimumVisualStudioVersion = 10.0.40219.1
Project("{FAE04EC0-301F-11D3-BF4B-00C04F79EFBC}") = "CodeNames", "CodeNames\CodeNames.csproj", "{B470FC89-541D-4447-91E3-6A20284E1911}"
EndProject
Global
	GlobalSection(SolutionConfigurationPlatforms) = preSolution
		Debug|Any CPU = Debug|Any CPU
		Release|Any CPU = Release|Any CPU
	EndGlobalSection
	GlobalSection(ProjectConfigurationPlatforms) = postSolution
		{B470FC89-541D-4447-91E3-6A20284E1911}.Debug|Any CPU.ActiveCfg = Debug|Any CPU
		{B470FC89-541D-4447-91E3-6A20284E1911}.Debug|Any CPU.Build.0 = Debug|Any CPU
		{B470FC89-541D-4447-91E3-6A20284E1911}.Release|Any CPU.ActiveCfg = Release|Any CPU
		{B470FC89-541D-4447-91E3-6A20284E1911}.Release|Any CPU.Build.0 = Release|Any CPU
	EndGlobalSection
	GlobalSection(SolutionProperties) = preSolution
		HideSolutionNode = FALSE
	EndGlobalSection
	GlobalSection(ExtensibilityGlobals) = postSolution
		SolutionGuid = {ABE7ABED-E4EC-4C70-BDFA-866A03630858}
	EndGlobalSection
EndGlobal
